// !$*UTF8*$!
{
	archiveVersion = 1;
	classes = {
	};
	objectVersion = 46;
	objects = {

/* Begin PBXBuildFile section */
		A4FD3A8D1D2E8C8900660C0B /* AppDelegate.swift in Sources */ = {isa = PBXBuildFile; fileRef = A4FD3A8C1D2E8C8900660C0B /* AppDelegate.swift */; };
		A4FD3A8F1D2E8C8900660C0B /* ViewController.swift in Sources */ = {isa = PBXBuildFile; fileRef = A4FD3A8E1D2E8C8900660C0B /* ViewController.swift */; };
		A4FD3A921D2E8C8900660C0B /* Main.storyboard in Resources */ = {isa = PBXBuildFile; fileRef = A4FD3A901D2E8C8900660C0B /* Main.storyboard */; };
		A4FD3A941D2E8C8900660C0B /* Assets.xcassets in Resources */ = {isa = PBXBuildFile; fileRef = A4FD3A931D2E8C8900660C0B /* Assets.xcassets */; };
		A4FD3A971D2E8C8900660C0B /* LaunchScreen.storyboard in Resources */ = {isa = PBXBuildFile; fileRef = A4FD3A951D2E8C8900660C0B /* LaunchScreen.storyboard */; };
/* End PBXBuildFile section */

/* Begin PBXFileReference section */
		A4FD3A891D2E8C8800660C0B /* 1stAnimation.app */ = {isa = PBXFileReference; explicitFileType = wrapper.application; includeInIndex = 0; path = 1stAnimation.app; sourceTree = BUILT_PRODUCTS_DIR; };
		A4FD3A8C1D2E8C8900660C0B /* AppDelegate.swift */ = {isa = PBXFileReference; lastKnownFileType = sourcecode.swift; path = AppDelegate.swift; sourceTree = "<group>"; };
		A4FD3A8E1D2E8C8900660C0B /* ViewController.swift */ = {isa = PBXFileReference; lastKnownFileType = sourcecode.swift; path = ViewController.swift; sourceTree = "<group>"; };
		A4FD3A911D2E8C8900660C0B /* Base */ = {isa = PBXFileReference; lastKnownFileType = file.storyboard; name = Base; path = Base.lproj/Main.storyboard; sourceTree = "<group>"; };
		A4FD3A931D2E8C8900660C0B /* Assets.xcassets */ = {isa = PBXFileReference; lastKnownFileType = folder.assetcatalog; path = Assets.xcassets; sourceTree = "<group>"; };
		A4FD3A961D2E8C8900660C0B /* Base */ = {isa = PBXFileReference; lastKnownFileType = file.storyboard; name = Base; path = Base.lproj/LaunchScreen.storyboard; sourceTree = "<group>"; };
		A4FD3A981D2E8C8900660C0B /* Info.plist */ = {isa = PBXFileReference; lastKnownFileType = text.plist.xml; path = Info.plist; sourceTree = "<group>"; };
/* End PBXFileReference section */

/* Begin PBXFrameworksBuildPhase section */
		A4FD3A861D2E8C8800660C0B /* Frameworks */ = {
			isa = PBXFrameworksBuildPhase;
			buildActionMask = 2147483647;
			files = (
			);
			runOnlyForDeploymentPostprocessing = 0;
		};
/* End PBXFrameworksBuildPhase section */

/* Begin PBXGroup section */
		A4FD3A801D2E8C8800660C0B = {
			isa = PBXGroup;
			children = (
				A4FD3A8B1D2E8C8900660C0B /* 1stAnimation */,
				A4FD3A8A1D2E8C8800660C0B /* Products */,
			);
			sourceTree = "<group>";
		};
		A4FD3A8A1D2E8C8800660C0B /* Products */ = {
			isa = PBXGroup;
			children = (
				A4FD3A891D2E8C8800660C0B /* 1stAnimation.app */,
			);
			name = Products;
			sourceTree = "<group>";
		};
		A4FD3A8B1D2E8C8900660C0B /* 1stAnimation */ = {
			isa = PBXGroup;
			children = (
				A4FD3A8C1D2E8C8900660C0B /* AppDelegate.swift */,
				A4FD3A8E1D2E8C8900660C0B /* ViewController.swift */,
				A4FD3A901D2E8C8900660C0B /* Main.storyboard */,
				A4FD3A931D2E8C8900660C0B /* Assets.xcassets */,
				A4FD3A951D2E8C8900660C0B /* LaunchScreen.storyboard */,
				A4FD3A981D2E8C8900660C0B /* Info.plist */,
			);
			path = 1stAnimation;
			sourceTree = "<group>";
		};
/* End PBXGroup section */

/* Begin PBXNativeTarget section */
		A4FD3A881D2E8C8800660C0B /* 1stAnimation */ = {
			isa = PBXNativeTarget;
			buildConfigurationList = A4FD3A9B1D2E8C8900660C0B /* Build configuration list for PBXNativeTarget "1stAnimation" */;
			buildPhases = (
				A4FD3A851D2E8C8800660C0B /* Sources */,
				A4FD3A861D2E8C8800660C0B /* Frameworks */,
				A4FD3A871D2E8C8800660C0B /* Resources */,
			);
			buildRules = (
			);
			dependencies = (
			);
			name = 1stAnimation;
			productName = 1stAnimation;
			productReference = A4FD3A891D2E8C8800660C0B /* 1stAnimation.app */;
			productType = "com.apple.product-type.application";
		};
/* End PBXNativeTarget section */

/* Begin PBXProject section */
		A4FD3A811D2E8C8800660C0B /* Project object */ = {
			isa = PBXProject;
			attributes = {
				LastSwiftUpdateCheck = 0730;
				LastUpgradeCheck = 0730;
				ORGANIZATIONNAME = "trvl, LLC";
				TargetAttributes = {
					A4FD3A881D2E8C8800660C0B = {
						CreatedOnToolsVersion = 7.3;
						DevelopmentTeam = 6D9CKTK39V;
					};
				};
			};
			buildConfigurationList = A4FD3A841D2E8C8800660C0B /* Build configuration list for PBXProject "1stAnimation" */;
			compatibilityVersion = "Xcode 3.2";
			developmentRegion = English;
			hasScannedForEncodings = 0;
			knownRegions = (
				en,
				Base,
			);
			mainGroup = A4FD3A801D2E8C8800660C0B;
			productRefGroup = A4FD3A8A1D2E8C8800660C0B /* Products */;
			projectDirPath = "";
			projectRoot = "";
			targets = (
				A4FD3A881D2E8C8800660C0B /* 1stAnimation */,
			);
		};
/* End PBXProject section */

/* Begin PBXResourcesBuildPhase section */
		A4FD3A871D2E8C8800660C0B /* Resources */ = {
			isa = PBXResourcesBuildPhase;
			buildActionMask = 2147483647;
			files = (
				A4FD3A971D2E8C8900660C0B /* LaunchScreen.storyboard in Resources */,
				A4FD3A941D2E8C8900660C0B /* Assets.xcassets in Resources */,
				A4FD3A921D2E8C8900660C0B /* Main.storyboard in Resources */,
			);
			runOnlyForDeploymentPostprocessing = 0;
		};
/* End PBXResourcesBuildPhase section */

/* Begin PBXSourcesBuildPhase section */
		A4FD3A851D2E8C8800660C0B /* Sources */ = {
			isa = PBXSourcesBuildPhase;
			buildActionMask = 2147483647;
			files = (
				A4FD3A8F1D2E8C8900660C0B /* ViewController.swift in Sources */,
				A4FD3A8D1D2E8C8900660C0B /* AppDelegate.swift in Sources */,
			);
			runOnlyForDeploymentPostprocessing = 0;
		};
/* End PBXSourcesBuildPhase section */

/* Begin PBXVariantGroup section */
		A4FD3A901D2E8C8900660C0B /* Main.storyboard */ = {
			isa = PBXVariantGroup;
			children = (
				A4FD3A911D2E8C8900660C0B /* Base */,
			);
			name = Main.storyboard;
			sourceTree = "<group>";
		};
		A4FD3A951D2E8C8900660C0B /* LaunchScreen.storyboard */ = {
			isa = PBXVariantGroup;
			children = (
				A4FD3A961D2E8C8900660C0B /* Base */,
			);
			name = LaunchScreen.storyboard;
			sourceTree = "<group>";
		};
/* End PBXVariantGroup section */

/* Begin XCBuildConfiguration section */
		A4FD3A991D2E8C8900660C0B /* Debug */ = {
			isa = XCBuildConfiguration;
			buildSettings = {
				ALWAYS_SEARCH_USER_PATHS = NO;
				CLANG_ANALYZER_NONNULL = YES;
				CLANG_CXX_LANGUAGE_STANDARD = "gnu++0x";
				CLANG_CXX_LIBRARY = "libc++";
				CLANG_ENABLE_MODULES = YES;
				CLANG_ENABLE_OBJC_ARC = YES;
				CLANG_WARN_BOOL_CONVERSION = YES;
				CLANG_WARN_CONSTANT_CONVERSION = YES;
				CLANG_WARN_DIRECT_OBJC_ISA_USAGE = YES_ERROR;
				CLANG_WARN_EMPTY_BODY = YES;
				CLANG_WARN_ENUM_CONVERSION = YES;
				CLANG_WARN_INT_CONVERSION = YES;
				CLANG_WARN_OBJC_ROOT_CLASS = YES_ERROR;
				CLANG_WARN_UNREACHABLE_CODE = YES;
				CLANG_WARN__DUPLICATE_METHOD_MATCH = YES;
				"CODE_SIGN_IDENTITY[sdk=iphoneos*]" = "iPhone Developer";
				COPY_PHASE_STRIP = NO;
				DEBUG_INFORMATION_FORMAT = dwarf;
				ENABLE_STRICT_OBJC_MSGSEND = YES;
				ENABLE_TESTABILITY = YES;
				GCC_C_LANGUAGE_STANDARD = gnu99;
				GCC_DYNAMIC_NO_PIC = NO;
				GCC_NO_COMMON_BLOCKS = YES;
				GCC_OPTIMIZATION_LEVEL = 0;
				GCC_PREPROCESSOR_DEFINITIONS = (
					"DEBUG=1",
					"$(inherited)",
				);
				GCC_WARN_64_TO_32_BIT_CONVERSION = YES;
				GCC_WARN_ABOUT_RETURN_TYPE = YES_ERROR;
				GCC_WARN_UNDECLARED_SELECTOR = YES;
				GCC_WARN_UNINITIALIZED_AUTOS = YES_AGGRESSIVE;
				GCC_WARN_UNUSED_FUNCTION = YES;
				GCC_WARN_UNUSED_VARIABLE = YES;
				IPHONEOS_DEPLOYMENT_TARGET = 9.3;
				MTL_ENABLE_DEBUG_INFO = YES;
				ONLY_ACTIVE_ARCH = YES;
				SDKROOT = iphoneos;
				SWIFT_OPTIMIZATION_LEVEL = "-Onone";
			};
			name = Debug;
		};
		A4FD3A9A1D2E8C8900660C0B /* Release */ = {
			isa = XCBuildConfiguration;
			buildSettings = {
				ALWAYS_SEARCH_USER_PATHS = NO;
				CLANG_ANALYZER_NONNULL = YES;
				CLANG_CXX_LANGUAGE_STANDARD = "gnu++0x";
				CLANG_CXX_LIBRARY = "libc++";
				CLANG_ENABLE_MODULES = YES;
				CLANG_ENABLE_OBJC_ARC = YES;
				CLANG_WARN_BOOL_CONVERSION = YES;
				CLANG_WARN_CONSTANT_CONVERSION = YES;
				CLANG_WARN_DIRECT_OBJC_ISA_USAGE = YES_ERROR;
				CLANG_WARN_EMPTY_BODY = YES;
				CLANG_WARN_ENUM_CONVERSION = YES;
				CLANG_WARN_INT_CONVERSION = YES;
				CLANG_WARN_OBJC_ROOT_CLASS = YES_ERROR;
				CLANG_WARN_UNREACHABLE_CODE = YES;
				CLANG_WARN__DUPLICATE_METHOD_MATCH = YES;
				"CODE_SIGN_IDENTITY[sdk=iphoneos*]" = "iPhone Developer";
				COPY_PHASE_STRIP = NO;
				DEBUG_INFORMATION_FORMAT = "dwarf-with-dsym";
				ENABLE_NS_ASSERTIONS = NO;
				ENABLE_STRICT_OBJC_MSGSEND = YES;
				GCC_C_LANGUAGE_STANDARD = gnu99;
				GCC_NO_COMMON_BLOCKS = YES;
				GCC_WARN_64_TO_32_BIT_CONVERSION = YES;
				GCC_WARN_ABOUT_RETURN_TYPE = YES_ERROR;
				GCC_WARN_UNDECLARED_SELECTOR = YES;
				GCC_WARN_UNINITIALIZED_AUTOS = YES_AGGRESSIVE;
				GCC_WARN_UNUSED_FUNCTION = YES;
				GCC_WARN_UNUSED_VARIABLE = YES;
				IPHONEOS_DEPLOYMENT_TARGET = 9.3;
				MTL_ENABLE_DEBUG_INFO = NO;
				SDKROOT = iphoneos;
				VALIDATE_PRODUCT = YES;
			};
			name = Release;
		};
		A4FD3A9C1D2E8C8900660C0B /* Debug */ = {
			isa = XCBuildConfiguration;
			buildSettings = {
				ASSETCATALOG_COMPILER_APPICON_NAME = AppIcon;
				INFOPLIST_FILE = 1stAnimation/Info.plist;
				LD_RUNPATH_SEARCH_PATHS = "$(inherited) @executable_path/Frameworks";
				PRODUCT_BUNDLE_IDENTIFIER = "com.jsanchezrides.-stAnimation";
				PRODUCT_NAME = "$(TARGET_NAME)";
			};
			name = Debug;
		};
		A4FD3A9D1D2E8C8900660C0B /* Release */ = {
			isa = XCBuildConfiguration;
			buildSettings = {
				ASSETCATALOG_COMPILER_APPICON_NAME = AppIcon;
				INFOPLIST_FILE = 1stAnimation/Info.plist;
				LD_RUNPATH_SEARCH_PATHS = "$(inherited) @executable_path/Frameworks";
				PRODUCT_BUNDLE_IDENTIFIER = "com.jsanchezrides.-stAnimation";
				PRODUCT_NAME = "$(TARGET_NAME)";
			};
			name = Release;
		};
/* End XCBuildConfiguration section */

/* Begin XCConfigurationList section */
		A4FD3A841D2E8C8800660C0B /* Build configuration list for PBXProject "1stAnimation" */ = {
			isa = XCConfigurationList;
			buildConfigurations = (
				A4FD3A991D2E8C8900660C0B /* Debug */,
				A4FD3A9A1D2E8C8900660C0B /* Release */,
			);
			defaultConfigurationIsVisible = 0;
			defaultConfigurationName = Release;
		};
		A4FD3A9B1D2E8C8900660C0B /* Build configuration list for PBXNativeTarget "1stAnimation" */ = {
			isa = XCConfigurationList;
			buildConfigurations = (
				A4FD3A9C1D2E8C8900660C0B /* Debug */,
				A4FD3A9D1D2E8C8900660C0B /* Release */,
			);
			defaultConfigurationIsVisible = 0;
		};
/* End XCConfigurationList section */
	};
	rootObject = A4FD3A811D2E8C8800660C0B /* Project object */;
}
